
Microsoft Visual Studio Solution File, Format Version 12.00
# Visual Studio Version 17
VisualStudioVersion = 17.7.34024.191
MinimumVisualStudioVersion = 10.0.40219.1
Project("{8BC9CEB8-8B4A-11D0-8D11-00A0C91BC942}") = "Task1", "Task1\Task1.vcxproj", "{152DB0C6-11EA-4CA8-8755-CC8C19E5694F}"
EndProject
Project("{8BC9CEB8-8B4A-11D0-8D11-00A0C91BC942}") = "Task2", "Task2\Task2.vcxproj", "{C01AFA00-6555-4F1D-BD54-33E0C8DD3EA4}"
EndProject
Project("{8BC9CEB8-8B4A-11D0-8D11-00A0C91BC942}") = "Task3", "Task3\Task3.vcxproj", "{F5C03E90-1E32-4B9D-8A1C-1AF5D545E6DA}"
EndProject
Project("{8BC9CEB8-8B4A-11D0-8D11-00A0C91BC942}") = "Task3-second-variant", "Task3-second-variant\Task3-second-variant.vcxproj", "{B2FCE867-0460-4B22-92C6-F49FCF33DF5E}"
EndProject
Global
	GlobalSection(SolutionConfigurationPlatforms) = preSolution
		Debug|x64 = Debug|x64
		Debug|x86 = Debug|x86
		Release|x64 = Release|x64
		Release|x86 = Release|x86
	EndGlobalSection
	GlobalSection(ProjectConfigurationPlatforms) = postSolution
		{152DB0C6-11EA-4CA8-8755-CC8C19E5694F}.Debug|x64.ActiveCfg = Debug|x64
		{152DB0C6-11EA-4CA8-8755-CC8C19E5694F}.Debug|x64.Build.0 = Debug|x64
		{152DB0C6-11EA-4CA8-8755-CC8C19E5694F}.Debug|x86.ActiveCfg = Debug|Win32
		{152DB0C6-11EA-4CA8-8755-CC8C19E5694F}.Debug|x86.Build.0 = Debug|Win32
		{152DB0C6-11EA-4CA8-8755-CC8C19E5694F}.Release|x64.ActiveCfg = Release|x64
		{152DB0C6-11EA-4CA8-8755-CC8C19E5694F}.Release|x64.Build.0 = Release|x64
		{152DB0C6-11EA-4CA8-8755-CC8C19E5694F}.Release|x86.ActiveCfg = Release|Win32
		{152DB0C6-11EA-4CA8-8755-CC8C19E5694F}.Release|x86.Build.0 = Release|Win32
		{C01AFA00-6555-4F1D-BD54-33E0C8DD3EA4}.Debug|x64.ActiveCfg = Debug|x64
		{C01AFA00-6555-4F1D-BD54-33E0C8DD3EA4}.Debug|x64.Build.0 = Debug|x64
		{C01AFA00-6555-4F1D-BD54-33E0C8DD3EA4}.Debug|x86.ActiveCfg = Debug|Win32
		{C01AFA00-6555-4F1D-BD54-33E0C8DD3EA4}.Debug|x86.Build.0 = Debug|Win32
		{C01AFA00-6555-4F1D-BD54-33E0C8DD3EA4}.Release|x64.ActiveCfg = Release|x64
		{C01AFA00-6555-4F1D-BD54-33E0C8DD3EA4}.Release|x64.Build.0 = Release|x64
		{C01AFA00-6555-4F1D-BD54-33E0C8DD3EA4}.Release|x86.ActiveCfg = Release|Win32
		{C01AFA00-6555-4F1D-BD54-33E0C8DD3EA4}.Release|x86.Build.0 = Release|Win32
		{F5C03E90-1E32-4B9D-8A1C-1AF5D545E6DA}.Debug|x64.ActiveCfg = Debug|x64
		{F5C03E90-1E32-4B9D-8A1C-1AF5D545E6DA}.Debug|x64.Build.0 = Debug|x64
		{F5C03E90-1E32-4B9D-8A1C-1AF5D545E6DA}.Debug|x86.ActiveCfg = Debug|Win32
		{F5C03E90-1E32-4B9D-8A1C-1AF5D545E6DA}.Debug|x86.Build.0 = Debug|Win32
		{F5C03E90-1E32-4B9D-8A1C-1AF5D545E6DA}.Release|x64.ActiveCfg = Release|x64
		{F5C03E90-1E32-4B9D-8A1C-1AF5D545E6DA}.Release|x64.Build.0 = Release|x64
		{F5C03E90-1E32-4B9D-8A1C-1AF5D545E6DA}.Release|x86.ActiveCfg = Release|Win32
		{F5C03E90-1E32-4B9D-8A1C-1AF5D545E6DA}.Release|x86.Build.0 = Release|Win32
		{B2FCE867-0460-4B22-92C6-F49FCF33DF5E}.Debug|x64.ActiveCfg = Debug|x64
		{B2FCE867-0460-4B22-92C6-F49FCF33DF5E}.Debug|x64.Build.0 = Debug|x64
		{B2FCE867-0460-4B22-92C6-F49FCF33DF5E}.Debug|x86.ActiveCfg = Debug|Win32
		{B2FCE867-0460-4B22-92C6-F49FCF33DF5E}.Debug|x86.Build.0 = Debug|Win32
		{B2FCE867-0460-4B22-92C6-F49FCF33DF5E}.Release|x64.ActiveCfg = Release|x64
		{B2FCE867-0460-4B22-92C6-F49FCF33DF5E}.Release|x64.Build.0 = Release|x64
		{B2FCE867-0460-4B22-92C6-F49FCF33DF5E}.Release|x86.ActiveCfg = Release|Win32
		{B2FCE867-0460-4B22-92C6-F49FCF33DF5E}.Release|x86.Build.0 = Release|Win32
	EndGlobalSection
	GlobalSection(SolutionProperties) = preSolution
		HideSolutionNode = FALSE
	EndGlobalSection
	GlobalSection(ExtensibilityGlobals) = postSolution
		SolutionGuid = {C76F55E4-B356-41CE-A320-CE29B67D18E3}
	EndGlobalSection
EndGlobal
